{
  "name": "git-timecard",
  "version": "0.0.0",
  "lockfileVersion": 1,
  "requires": true,
  "dependencies": {
    "async-lock": {
      "version": "1.2.2",
      "resolved": "http://localhost:4873/async-lock/-/async-lock-1.2.2.tgz",
      "integrity": "sha512-uczz62z2fMWOFbyo6rG4NlV2SdxugJT6sZA2QcfB1XaSjEiOh8CuOb/TttyMnYQCda6nkWecJe465tGQDPJiKw=="
    },
    "base64-js": {
      "version": "0.0.2",
      "resolved": "http://localhost:4873/base64-js/-/base64-js-0.0.2.tgz",
      "integrity": "sha1-Ak8Pcq+iW3X5wO5zzU9V7Bvtl4Q="
    },
    "bops": {
      "version": "0.0.7",
      "resolved": "http://localhost:4873/bops/-/bops-0.0.7.tgz",
      "integrity": "sha1-tKClqDmkBkVK8P4FqLkaenZqVOI=",
      "requires": {
        "base64-js": "0.0.2",
        "to-utf8": "0.0.1"
      }
    },
    "clean-git-ref": {
      "version": "1.0.3",
      "resolved": "http://localhost:4873/clean-git-ref/-/clean-git-ref-1.0.3.tgz",
      "integrity": "sha1-UyXcg56rAcl0rg6X9XNHgnUPiOw="
    },
    "crc-32": {
      "version": "1.2.0",
      "resolved": "http://localhost:4873/crc-32/-/crc-32-1.2.0.tgz",
      "integrity": "sha512-1uBwHxF+Y/4yF5G48fwnKq6QsIXheor3ZLPT80yGBV1oEUwpPojlEhQbWKVw1VwcTQyMGHK1/XMmTjmlsmTTGA==",
      "requires": {
        "exit-on-epipe": "~1.0.1",
        "printj": "~1.1.0"
      }
    },
    "decompress-response": {
      "version": "3.3.0",
      "resolved": "http://localhost:4873/decompress-response/-/decompress-response-3.3.0.tgz",
      "integrity": "sha1-gKTdMjdIOEv6JICDYirt7Jgq3/M=",
      "requires": {
        "mimic-response": "^1.0.0"
      }
    },
    "diff": {
      "version": "3.5.0",
      "resolved": "http://localhost:4873/diff/-/diff-3.5.0.tgz",
      "integrity": "sha512-A46qtFgd+g7pDZinpnwiRJtxbC1hpgf0uzP3iG89scHk0AUC7A1TGxf5OiiOUv/JMZR8GOt8hL900hV0bOy5xA=="
    },
    "diff-lines": {
      "version": "1.1.1",
      "resolved": "http://localhost:4873/diff-lines/-/diff-lines-1.1.1.tgz",
      "integrity": "sha512-Oo5JzEEriF/+T0usOeRP5yOzr6SWvni2rrxvIgijMZSxPcEvf8JOvCO5GpnWwkte7fcOgnue/f5ECg1H9lMPCw==",
      "requires": {
        "diff": "^3.5.0"
      }
    },
    "exit-on-epipe": {
      "version": "1.0.1",
      "resolved": "http://localhost:4873/exit-on-epipe/-/exit-on-epipe-1.0.1.tgz",
      "integrity": "sha512-h2z5mrROTxce56S+pnvAV890uu7ls7f1kEvVGJbw1OlFH3/mlJ5bkXu0KRyW94v37zzHPiUd55iLn3DA7TjWpw=="
    },
    "git-apply-delta": {
      "version": "0.0.7",
      "resolved": "http://localhost:4873/git-apply-delta/-/git-apply-delta-0.0.7.tgz",
      "integrity": "sha1-+3auFEVA15RAtSsx3gPmPJk8chk=",
      "requires": {
        "bops": "~0.0.6",
        "varint": "0.0.3"
      }
    },
    "globalyzer": {
      "version": "0.1.4",
      "resolved": "http://localhost:4873/globalyzer/-/globalyzer-0.1.4.tgz",
      "integrity": "sha512-LeguVWaxgHN0MNbWC6YljNMzHkrCny9fzjmEUdnF1kQ7wATFD1RHFRqA1qxaX2tgxGENlcxjOflopBwj3YZiXA=="
    },
    "globrex": {
      "version": "0.1.2",
      "resolved": "http://localhost:4873/globrex/-/globrex-0.1.2.tgz",
      "integrity": "sha512-uHJgbwAMwNFf5mLst7IWLNg14x1CkeqglJb/K3doi4dw6q2IvAAmM/Y81kevy83wP+Sst+nutFTYOGg3d1lsxg=="
    },
    "ignore": {
      "version": "5.1.2",
      "resolved": "http://localhost:4873/ignore/-/ignore-5.1.2.tgz",
      "integrity": "sha512-vdqWBp7MyzdmHkkRWV5nY+PfGRbYbahfuvsBCh277tq+w9zyNi7h5CYJCK0kmzti9kU+O/cB7sE8HvKv6aXAKQ=="
    },
    "inherits": {
      "version": "2.0.4",
      "resolved": "http://localhost:4873/inherits/-/inherits-2.0.4.tgz",
      "integrity": "sha512-k/vGaX4/Yla3WzyMCvTQOXYeIHvqOKtnqBduzTHpzpQZzAskKMhZ2K+EnBiSM9zGSoIFeMpXKxa4dYeZIQqewQ=="
    },
    "isomorphic-git": {
      "version": "0.58.1",
      "resolved": "http://localhost:4873/isomorphic-git/-/isomorphic-git-0.58.1.tgz",
      "integrity": "sha512-SuoNS/fYTkZxgdGCXRLZKfbLNTHtw0KUznVO6KhPv1Hry9GYv+Xd9K3TpkAR3N7SQ/DkG3vdq+TJRxVXgrjLDA==",
      "requires": {
        "async-lock": "^1.1.0",
        "clean-git-ref": "1.0.3",
        "crc-32": "^1.2.0",
        "diff-lines": "^1.1.1",
        "git-apply-delta": "0.0.7",
        "globalyzer": "^0.1.0",
        "globrex": "^0.1.2",
        "ignore": "^5.0.4",
        "marky": "^1.2.1",
        "minimisted": "^2.0.0",
        "pako": "^1.0.10",
        "pify": "^4.0.1",
        "readable-stream": "^3.1.1",
        "sha.js": "^2.4.9",
        "simple-get": "^3.0.2"
      }
    },
    "marky": {
      "version": "1.2.1",
      "resolved": "http://localhost:4873/marky/-/marky-1.2.1.tgz",
      "integrity": "sha512-md9k+Gxa3qLH6sUKpeC2CNkJK/Ld+bEz5X96nYwloqphQE0CKCVEKco/6jxEZixinqNdz5RFi/KaCyfbMDMAXQ=="
    },
    "mimic-response": {
      "version": "1.0.1",
      "resolved": "http://localhost:4873/mimic-response/-/mimic-response-1.0.1.tgz",
      "integrity": "sha512-j5EctnkH7amfV/q5Hgmoal1g2QHFJRraOtmx0JpIqkxhBhI/lJSl1nMpQ45hVarwNETOoWEimndZ4QK0RHxuxQ=="
    },
    "minimist": {
      "version": "1.2.0",
      "resolved": "http://localhost:4873/minimist/-/minimist-1.2.0.tgz",
      "integrity": "sha1-o1AIsg9BOD7sH7kU9M1d95omQoQ="
    },
    "minimisted": {
      "version": "2.0.0",
      "resolved": "http://localhost:4873/minimisted/-/minimisted-2.0.0.tgz",
      "integrity": "sha512-oP88Dw3LK/pdrKyMdlbmg3W50969UNr4ctISzJfPl+YPYHTAOrS+dihXnsgRNKSRIzDsrnV3eE2CCVlZbpOKdQ==",
      "requires": {
        "minimist": "^1.2.0"
      }
    },
    "once": {
      "version": "1.4.0",
      "resolved": "http://localhost:4873/once/-/once-1.4.0.tgz",
      "integrity": "sha1-WDsap3WWHUsROsF9nFC6753Xa9E=",
      "requires": {
        "wrappy": "1"
      }
    },
    "pako": {
      "version": "1.0.10",
      "resolved": "http://localhost:4873/pako/-/pako-1.0.10.tgz",
      "integrity": "sha512-0DTvPVU3ed8+HNXOu5Bs+o//Mbdj9VNQMUOe9oKCwh8l0GNwpTDMKCWbRjgtD291AWnkAgkqA/LOnQS8AmS1tw=="
    },
    "pify": {
      "version": "4.0.1",
      "resolved": "http://localhost:4873/pify/-/pify-4.0.1.tgz",
      "integrity": "sha512-uB80kBFb/tfd68bVleG9T5GGsGPjJrLAUpR5PZIrhBnIaRTQRjqdJSsIKkOP6OAIFbj7GOrcudc5pNjZ+geV2g=="
    },
    "printj": {
      "version": "1.1.2",
      "resolved": "http://localhost:4873/printj/-/printj-1.1.2.tgz",
      "integrity": "sha512-zA2SmoLaxZyArQTOPj5LXecR+RagfPSU5Kw1qP+jkWeNlrq+eJZyY2oS68SU1Z/7/myXM4lo9716laOFAVStCQ=="
    },
    "readable-stream": {
      "version": "3.4.0",
      "resolved": "http://localhost:4873/readable-stream/-/readable-stream-3.4.0.tgz",
      "integrity": "sha512-jItXPLmrSR8jmTRmRWJXCnGJsfy85mB3Wd/uINMXA65yrnFo0cPClFIUWzo2najVNSl+mx7/4W8ttlLWJe99pQ==",
      "requires": {
        "inherits": "^2.0.3",
        "string_decoder": "^1.1.1",
        "util-deprecate": "^1.0.1"
      }
    },
    "safe-buffer": {
      "version": "5.1.2",
      "resolved": "http://localhost:4873/safe-buffer/-/safe-buffer-5.1.2.tgz",
      "integrity": "sha512-Gd2UZBJDkXlY7GbJxfsE8/nvKkUEU1G38c1siN6QP6a9PT9MmHB8GnpscSmMJSoF8LOIrt8ud/wPtojys4G6+g=="
    },
    "sha.js": {
      "version": "2.4.11",
      "resolved": "http://localhost:4873/sha.js/-/sha.js-2.4.11.tgz",
      "integrity": "sha512-QMEp5B7cftE7APOjk5Y6xgrbWu+WkLVQwk8JNjZ8nKRciZaByEW6MubieAiToS7+dwvrjGhH8jRXz3MVd0AYqQ==",
      "requires": {
        "inherits": "^2.0.1",
        "safe-buffer": "^5.0.1"
      }
    },
    "simple-concat": {
      "version": "1.0.0",
      "resolved": "http://localhost:4873/simple-concat/-/simple-concat-1.0.0.tgz",
      "integrity": "sha1-c0TLuLbib7J9ZrL8hvn21Zl1IcY="
    },
    "simple-get": {
      "version": "3.0.3",
      "resolved": "http://localhost:4873/simple-get/-/simple-get-3.0.3.tgz",
      "integrity": "sha512-Wvre/Jq5vgoz31Z9stYWPLn0PqRqmBDpFSdypAnHu5AvRVCYPRYGnvryNLiXu8GOBNDH82J2FRHUGMjjHUpXFw==",
      "requires": {
        "decompress-response": "^3.3.0",
        "once": "^1.3.1",
        "simple-concat": "^1.0.0"
      }
    },
    "string_decoder": {
      "version": "1.2.0",
      "resolved": "http://localhost:4873/string_decoder/-/string_decoder-1.2.0.tgz",
      "integrity": "sha512-6YqyX6ZWEYguAxgZzHGL7SsCeGx3V2TtOTqZz1xSTSWnqsbWwbptafNyvf/ACquZUXV3DANr5BDIwNYe1mN42w==",
      "requires": {
        "safe-buffer": "~5.1.0"
      }
    },
    "to-utf8": {
      "version": "0.0.1",
      "resolved": "http://localhost:4873/to-utf8/-/to-utf8-0.0.1.tgz",
      "integrity": "sha1-0Xrqcv8vujm55DYBvns/9y4ImFI="
    },
    "util-deprecate": {
      "version": "1.0.2",
      "resolved": "http://localhost:4873/util-deprecate/-/util-deprecate-1.0.2.tgz",
      "integrity": "sha1-RQ1Nyfpw3nMnYvvS1KKJgUGaDM8="
    },
    "varint": {
      "version": "0.0.3",
      "resolved": "http://localhost:4873/varint/-/varint-0.0.3.tgz",
      "integrity": "sha1-uCHemwSzizzSL3LBjZSp+3KrNRg="
    },
    "wrappy": {
      "version": "1.0.2",
      "resolved": "http://localhost:4873/wrappy/-/wrappy-1.0.2.tgz",
      "integrity": "sha1-tSQ9jz7BqjXxNkYFvA0QNuMKtp8="
    }
  }
}
